{
  "name": "miniprogram",
  "version": "1.0.0",
  "lockfileVersion": 1,
  "requires": true,
  "dependencies": {
    "@miniprogram-component-plus/vtabs": {
      "version": "1.0.0",
      "resolved": "https://registry.npm.taobao.org/@miniprogram-component-plus/vtabs/download/@miniprogram-component-plus/vtabs-1.0.0.tgz",
      "integrity": "sha1-xv4jK88WEI4CCJ/Nk0wHkYO9dkg="
    },
    "@miniprogram-component-plus/vtabs-content": {
      "version": "1.0.0",
      "resolved": "https://registry.npm.taobao.org/@miniprogram-component-plus/vtabs-content/download/@miniprogram-component-plus/vtabs-content-1.0.0.tgz",
      "integrity": "sha1-nWRnPOaWtq4Ny+hR1v5ZY3nlSiw="
    },
    "@vant/weapp": {
      "version": "1.6.1",
      "resolved": "https://registry.npm.taobao.org/@vant/weapp/download/@vant/weapp-1.6.1.tgz",
      "integrity": "sha1-AcbzlcCmf1a4yq42pVHSaLH+BgU="
    },
    "miniprogram-api-promise": {
      "version": "1.0.4",
      "resolved": "https://registry.npm.taobao.org/miniprogram-api-promise/download/miniprogram-api-promise-1.0.4.tgz",
      "integrity": "sha1-/v6bcpI/0x+IsSRjtQLLRXyJK0w="
    },
    "set-cookie-parser": {
      "version": "2.4.6",
      "resolved": "https://registry.npm.taobao.org/set-cookie-parser/download/set-cookie-parser-2.4.6.tgz",
      "integrity": "sha1-Q73qAouebxdkdO5SmOdYtKRHmcM="
    },
    "weapp-cookie": {
      "version": "1.4.6",
      "resolved": "https://registry.npm.taobao.org/weapp-cookie/download/weapp-cookie-1.4.6.tgz",
      "integrity": "sha1-bGBwjRvveC1X8mb+ezXjfaiDDz4=",
      "requires": {
        "set-cookie-parser": "^2.3.8"
      }
    }
  }
}
